
Microsoft Visual Studio Solution File, Format Version 12.00
# Visual Studio Version 17
VisualStudioVersion = 17.5.33502.453
MinimumVisualStudioVersion = 10.0.40219.1
Project("{9A19103F-16F7-4668-BE54-9A1E7A4F7556}") = "ImpactInnovators.API", "ImpactInnovators.API\ImpactInnovators.API.csproj", "{F065045D-5C66-4789-82B1-E210FDA7D372}"
EndProject
Global
	GlobalSection(SolutionConfigurationPlatforms) = preSolution
		Debug|Any CPU = Debug|Any CPU
		Release|Any CPU = Release|Any CPU
	EndGlobalSection
	GlobalSection(ProjectConfigurationPlatforms) = postSolution
		{F065045D-5C66-4789-82B1-E210FDA7D372}.Debug|Any CPU.ActiveCfg = Debug|Any CPU
		{F065045D-5C66-4789-82B1-E210FDA7D372}.Debug|Any CPU.Build.0 = Debug|Any CPU
		{F065045D-5C66-4789-82B1-E210FDA7D372}.Release|Any CPU.ActiveCfg = Release|Any CPU
		{F065045D-5C66-4789-82B1-E210FDA7D372}.Release|Any CPU.Build.0 = Release|Any CPU
	EndGlobalSection
	GlobalSection(SolutionProperties) = preSolution
		HideSolutionNode = FALSE
	EndGlobalSection
	GlobalSection(ExtensibilityGlobals) = postSolution
		SolutionGuid = {32437D6B-91D5-41BD-8FBC-D6C1BDC78F39}
	EndGlobalSection
EndGlobal
